
Microsoft Visual Studio Solution File, Format Version 12.00
# Visual Studio Version 17
VisualStudioVersion = 17.5.33424.131
MinimumVisualStudioVersion = 10.0.40219.1
Project("{8BC9CEB8-8B4A-11D0-8D11-00A0C91BC942}") = "Project1", "Project1\Project1.vcxproj", "{A6827252-2BB4-426F-9DE6-323DF85C685E}"
EndProject
Project("{8BC9CEB8-8B4A-11D0-8D11-00A0C91BC942}") = "GameProcessor", "GameProcessor\GameProcessor.vcxproj", "{F3F352E8-7223-4BA2-B320-94E19B8659A0}"
EndProject
Project("{8BC9CEB8-8B4A-11D0-8D11-00A0C91BC942}") = "Project2", "Project2\Project2.vcxproj", "{FC3DAAC1-0A8A-4214-B7FE-477E69AC03F7}"
EndProject
Project("{8BC9CEB8-8B4A-11D0-8D11-00A0C91BC942}") = "HierarchicalObject", "HierarchicalObject\HierarchicalObject.vcxproj", "{14F8DE07-A297-47CC-9CBD-37236E3C3EFF}"
EndProject
Project("{8BC9CEB8-8B4A-11D0-8D11-00A0C91BC942}") = "ComponentBased", "ComponentBased\ComponentBased.vcxproj", "{D18D7E17-1361-45F5-AA96-6A00D8532970}"
EndProject
Project("{8BC9CEB8-8B4A-11D0-8D11-00A0C91BC942}") = "EntityComponentSystem", "EntityComponentSystem\EntityComponentSystem.vcxproj", "{C23E3579-8A90-4A38-8066-002B0486AF15}"
EndProject
Project("{8BC9CEB8-8B4A-11D0-8D11-00A0C91BC942}") = "Camara", "Camara\Camara.vcxproj", "{A65321C1-AE75-49DC-8D0B-C8328BFD3B9E}"
EndProject
Project("{8BC9CEB8-8B4A-11D0-8D11-00A0C91BC942}") = "EntityCamara", "EntityCamara\EntityCamara.vcxproj", "{4E5182BE-760E-42E0-977E-0DF888AE76F3}"
EndProject
Global
	GlobalSection(SolutionConfigurationPlatforms) = preSolution
		Debug|x64 = Debug|x64
		Debug|x86 = Debug|x86
		Release|x64 = Release|x64
		Release|x86 = Release|x86
	EndGlobalSection
	GlobalSection(ProjectConfigurationPlatforms) = postSolution
		{A6827252-2BB4-426F-9DE6-323DF85C685E}.Debug|x64.ActiveCfg = Debug|x64
		{A6827252-2BB4-426F-9DE6-323DF85C685E}.Debug|x64.Build.0 = Debug|x64
		{A6827252-2BB4-426F-9DE6-323DF85C685E}.Debug|x86.ActiveCfg = Debug|Win32
		{A6827252-2BB4-426F-9DE6-323DF85C685E}.Debug|x86.Build.0 = Debug|Win32
		{A6827252-2BB4-426F-9DE6-323DF85C685E}.Release|x64.ActiveCfg = Release|x64
		{A6827252-2BB4-426F-9DE6-323DF85C685E}.Release|x64.Build.0 = Release|x64
		{A6827252-2BB4-426F-9DE6-323DF85C685E}.Release|x86.ActiveCfg = Release|Win32
		{A6827252-2BB4-426F-9DE6-323DF85C685E}.Release|x86.Build.0 = Release|Win32
		{F3F352E8-7223-4BA2-B320-94E19B8659A0}.Debug|x64.ActiveCfg = Debug|x64
		{F3F352E8-7223-4BA2-B320-94E19B8659A0}.Debug|x64.Build.0 = Debug|x64
		{F3F352E8-7223-4BA2-B320-94E19B8659A0}.Debug|x86.ActiveCfg = Debug|Win32
		{F3F352E8-7223-4BA2-B320-94E19B8659A0}.Debug|x86.Build.0 = Debug|Win32
		{F3F352E8-7223-4BA2-B320-94E19B8659A0}.Release|x64.ActiveCfg = Release|x64
		{F3F352E8-7223-4BA2-B320-94E19B8659A0}.Release|x64.Build.0 = Release|x64
		{F3F352E8-7223-4BA2-B320-94E19B8659A0}.Release|x86.ActiveCfg = Release|Win32
		{F3F352E8-7223-4BA2-B320-94E19B8659A0}.Release|x86.Build.0 = Release|Win32
		{FC3DAAC1-0A8A-4214-B7FE-477E69AC03F7}.Debug|x64.ActiveCfg = Debug|x64
		{FC3DAAC1-0A8A-4214-B7FE-477E69AC03F7}.Debug|x64.Build.0 = Debug|x64
		{FC3DAAC1-0A8A-4214-B7FE-477E69AC03F7}.Debug|x86.ActiveCfg = Debug|Win32
		{FC3DAAC1-0A8A-4214-B7FE-477E69AC03F7}.Debug|x86.Build.0 = Debug|Win32
		{FC3DAAC1-0A8A-4214-B7FE-477E69AC03F7}.Release|x64.ActiveCfg = Release|x64
		{FC3DAAC1-0A8A-4214-B7FE-477E69AC03F7}.Release|x64.Build.0 = Release|x64
		{FC3DAAC1-0A8A-4214-B7FE-477E69AC03F7}.Release|x86.ActiveCfg = Release|Win32
		{FC3DAAC1-0A8A-4214-B7FE-477E69AC03F7}.Release|x86.Build.0 = Release|Win32
		{14F8DE07-A297-47CC-9CBD-37236E3C3EFF}.Debug|x64.ActiveCfg = Debug|x64
		{14F8DE07-A297-47CC-9CBD-37236E3C3EFF}.Debug|x64.Build.0 = Debug|x64
		{14F8DE07-A297-47CC-9CBD-37236E3C3EFF}.Debug|x86.ActiveCfg = Debug|Win32
		{14F8DE07-A297-47CC-9CBD-37236E3C3EFF}.Debug|x86.Build.0 = Debug|Win32
		{14F8DE07-A297-47CC-9CBD-37236E3C3EFF}.Release|x64.ActiveCfg = Release|x64
		{14F8DE07-A297-47CC-9CBD-37236E3C3EFF}.Release|x64.Build.0 = Release|x64
		{14F8DE07-A297-47CC-9CBD-37236E3C3EFF}.Release|x86.ActiveCfg = Release|Win32
		{14F8DE07-A297-47CC-9CBD-37236E3C3EFF}.Release|x86.Build.0 = Release|Win32
		{D18D7E17-1361-45F5-AA96-6A00D8532970}.Debug|x64.ActiveCfg = Debug|x64
		{D18D7E17-1361-45F5-AA96-6A00D8532970}.Debug|x64.Build.0 = Debug|x64
		{D18D7E17-1361-45F5-AA96-6A00D8532970}.Debug|x86.ActiveCfg = Debug|Win32
		{D18D7E17-1361-45F5-AA96-6A00D8532970}.Debug|x86.Build.0 = Debug|Win32
		{D18D7E17-1361-45F5-AA96-6A00D8532970}.Release|x64.ActiveCfg = Release|x64
		{D18D7E17-1361-45F5-AA96-6A00D8532970}.Release|x64.Build.0 = Release|x64
		{D18D7E17-1361-45F5-AA96-6A00D8532970}.Release|x86.ActiveCfg = Release|Win32
		{D18D7E17-1361-45F5-AA96-6A00D8532970}.Release|x86.Build.0 = Release|Win32
		{C23E3579-8A90-4A38-8066-002B0486AF15}.Debug|x64.ActiveCfg = Debug|x64
		{C23E3579-8A90-4A38-8066-002B0486AF15}.Debug|x64.Build.0 = Debug|x64
		{C23E3579-8A90-4A38-8066-002B0486AF15}.Debug|x86.ActiveCfg = Debug|Win32
		{C23E3579-8A90-4A38-8066-002B0486AF15}.Debug|x86.Build.0 = Debug|Win32
		{C23E3579-8A90-4A38-8066-002B0486AF15}.Release|x64.ActiveCfg = Release|x64
		{C23E3579-8A90-4A38-8066-002B0486AF15}.Release|x64.Build.0 = Release|x64
		{C23E3579-8A90-4A38-8066-002B0486AF15}.Release|x86.ActiveCfg = Release|Win32
		{C23E3579-8A90-4A38-8066-002B0486AF15}.Release|x86.Build.0 = Release|Win32
		{A65321C1-AE75-49DC-8D0B-C8328BFD3B9E}.Debug|x64.ActiveCfg = Debug|x64
		{A65321C1-AE75-49DC-8D0B-C8328BFD3B9E}.Debug|x64.Build.0 = Debug|x64
		{A65321C1-AE75-49DC-8D0B-C8328BFD3B9E}.Debug|x86.ActiveCfg = Debug|Win32
		{A65321C1-AE75-49DC-8D0B-C8328BFD3B9E}.Debug|x86.Build.0 = Debug|Win32
		{A65321C1-AE75-49DC-8D0B-C8328BFD3B9E}.Release|x64.ActiveCfg = Release|x64
		{A65321C1-AE75-49DC-8D0B-C8328BFD3B9E}.Release|x64.Build.0 = Release|x64
		{A65321C1-AE75-49DC-8D0B-C8328BFD3B9E}.Release|x86.ActiveCfg = Release|Win32
		{A65321C1-AE75-49DC-8D0B-C8328BFD3B9E}.Release|x86.Build.0 = Release|Win32
		{4E5182BE-760E-42E0-977E-0DF888AE76F3}.Debug|x64.ActiveCfg = Debug|x64
		{4E5182BE-760E-42E0-977E-0DF888AE76F3}.Debug|x64.Build.0 = Debug|x64
		{4E5182BE-760E-42E0-977E-0DF888AE76F3}.Debug|x86.ActiveCfg = Debug|Win32
		{4E5182BE-760E-42E0-977E-0DF888AE76F3}.Debug|x86.Build.0 = Debug|Win32
		{4E5182BE-760E-42E0-977E-0DF888AE76F3}.Release|x64.ActiveCfg = Release|x64
		{4E5182BE-760E-42E0-977E-0DF888AE76F3}.Release|x64.Build.0 = Release|x64
		{4E5182BE-760E-42E0-977E-0DF888AE76F3}.Release|x86.ActiveCfg = Release|Win32
		{4E5182BE-760E-42E0-977E-0DF888AE76F3}.Release|x86.Build.0 = Release|Win32
	EndGlobalSection
	GlobalSection(SolutionProperties) = preSolution
		HideSolutionNode = FALSE
	EndGlobalSection
	GlobalSection(ExtensibilityGlobals) = postSolution
		SolutionGuid = {EAF00349-6E40-4FB4-8B36-455A624071E9}
	EndGlobalSection
EndGlobal
