<?xml version="1.0" encoding="utf-8"?>
<Project ToolsVersion="4.0" xmlns="http://schemas.microsoft.com/developer/msbuild/2003">
  <ItemGroup>
    <Filter Include="소스 파일">
      <UniqueIdentifier>{4FC737F1-C7A5-4376-A066-2A32D752A2FF}</UniqueIdentifier>
      <Extensions>cpp;c;cc;cxx;c++;cppm;ixx;def;odl;idl;hpj;bat;asm;asmx</Extensions>
    </Filter>
    <Filter Include="헤더 파일">
      <UniqueIdentifier>{93995380-89BD-4b04-88EB-625FBE52EBFB}</UniqueIdentifier>
      <Extensions>h;hh;hpp;hxx;h++;hm;inl;inc;ipp;xsd</Extensions>
    </Filter>
    <Filter Include="리소스 파일">
      <UniqueIdentifier>{67DA6AB6-F800-4c08-8B7A-83BB121AAD01}</UniqueIdentifier>
      <Extensions>rc;ico;cur;bmp;dlg;rc2;rct;bin;rgs;gif;jpg;jpeg;jpe;resx;tiff;tif;png;wav;mfcribbon-ms</Extensions>
    </Filter>
    <Filter Include="헤더 파일\Object">
      <UniqueIdentifier>{4dbd4686-8dc6-4b89-9ac5-d68089e4a99f}</UniqueIdentifier>
    </Filter>
    <Filter Include="소스 파일\Object">
      <UniqueIdentifier>{2c3c6058-0adb-410a-876f-1ef21192547d}</UniqueIdentifier>
    </Filter>
    <Filter Include="헤더 파일\FSM">
      <UniqueIdentifier>{2ee6e8ac-dd13-4126-980f-d527859ee84b}</UniqueIdentifier>
    </Filter>
    <Filter Include="소스 파일\FSM">
      <UniqueIdentifier>{1d2b3685-a084-4f3d-add6-a47f1ba71738}</UniqueIdentifier>
    </Filter>
    <Filter Include="헤더 파일\FSM\PlayerFSM">
      <UniqueIdentifier>{9354e8f1-6ce3-4448-b0e7-3395daeb3503}</UniqueIdentifier>
    </Filter>
    <Filter Include="헤더 파일\FSM\EnemyFSM">
      <UniqueIdentifier>{634f7224-e63a-4c4c-a120-5cea5937556c}</UniqueIdentifier>
    </Filter>
    <Filter Include="헤더 파일\FSM\AbstractFSM">
      <UniqueIdentifier>{95f186cc-5d3d-4917-b861-a0d0a4f269b9}</UniqueIdentifier>
    </Filter>
  </ItemGroup>
  <ItemGroup>
    <ClCompile Include="main.cpp">
      <Filter>소스 파일</Filter>
    </ClCompile>
    <ClCompile Include="D2DFiniteStateMachine.cpp">
      <Filter>소스 파일</Filter>
    </ClCompile>
    <ClCompile Include="Enemy.cpp">
      <Filter>소스 파일\Object</Filter>
    </ClCompile>
    <ClCompile Include="Object.cpp">
      <Filter>소스 파일\Object</Filter>
    </ClCompile>
    <ClCompile Include="Player.cpp">
      <Filter>소스 파일\Object</Filter>
    </ClCompile>
    <ClCompile Include="Toungu.cpp">
      <Filter>소스 파일\Object</Filter>
    </ClCompile>
    <ClCompile Include="Weapon.cpp">
      <Filter>소스 파일\Object</Filter>
    </ClCompile>
    <ClCompile Include="PlayerIdle.cpp">
      <Filter>소스 파일\FSM</Filter>
    </ClCompile>
    <ClCompile Include="PlayerMove.cpp">
      <Filter>소스 파일\FSM</Filter>
    </ClCompile>
    <ClCompile Include="PlayerState.cpp">
      <Filter>소스 파일\FSM</Filter>
    </ClCompile>
    <ClCompile Include="PlayerDeath.cpp">
      <Filter>소스 파일\FSM</Filter>
    </ClCompile>
    <ClCompile Include="BaseFiniteStateMachine.cpp">
      <Filter>소스 파일</Filter>
    </ClCompile>
  </ItemGroup>
  <ItemGroup>
    <ClInclude Include="D2DFiniteStateMachine.h">
      <Filter>헤더 파일</Filter>
    </ClInclude>
    <ClInclude Include="Object.h">
      <Filter>헤더 파일\Object</Filter>
    </ClInclude>
    <ClInclude Include="Player.h">
      <Filter>헤더 파일\Object</Filter>
    </ClInclude>
    <ClInclude Include="Enemy.h">
      <Filter>헤더 파일\Object</Filter>
    </ClInclude>
    <ClInclude Include="Toungu.h">
      <Filter>헤더 파일\Object</Filter>
    </ClInclude>
    <ClInclude Include="Weapon.h">
      <Filter>헤더 파일\Object</Filter>
    </ClInclude>
    <ClInclude Include="ePlayerState.h">
      <Filter>헤더 파일</Filter>
    </ClInclude>
    <ClInclude Include="IInputHandleable.h">
      <Filter>헤더 파일</Filter>
    </ClInclude>
    <ClInclude Include="ObjectManager.h">
      <Filter>헤더 파일</Filter>
    </ClInclude>
    <ClInclude Include="IDetectable.h">
      <Filter>헤더 파일</Filter>
    </ClInclude>
    <ClInclude Include="PlayerDeath.h">
      <Filter>헤더 파일\FSM\PlayerFSM</Filter>
    </ClInclude>
    <ClInclude Include="PlayerIdle.h">
      <Filter>헤더 파일\FSM\PlayerFSM</Filter>
    </ClInclude>
    <ClInclude Include="PlayerMove.h">
      <Filter>헤더 파일\FSM\PlayerFSM</Filter>
    </ClInclude>
    <ClInclude Include="PlayerState.h">
      <Filter>헤더 파일\FSM\PlayerFSM</Filter>
    </ClInclude>
    <ClInclude Include="EnemyState.h">
      <Filter>헤더 파일\FSM\EnemyFSM</Filter>
    </ClInclude>
    <ClInclude Include="eEnemyState.h">
      <Filter>헤더 파일</Filter>
    </ClInclude>
    <ClInclude Include="EnemyDiscover.h">
      <Filter>헤더 파일\FSM\EnemyFSM</Filter>
    </ClInclude>
    <ClInclude Include="EnemyDeath.h">
      <Filter>헤더 파일\FSM\EnemyFSM</Filter>
    </ClInclude>
    <ClInclude Include="EnemyIdle.h">
      <Filter>헤더 파일\FSM\EnemyFSM</Filter>
    </ClInclude>
    <ClInclude Include="EnemyTrace.h">
      <Filter>헤더 파일\FSM\EnemyFSM</Filter>
    </ClInclude>
    <ClInclude Include="EnemyAttack.h">
      <Filter>헤더 파일\FSM\EnemyFSM</Filter>
    </ClInclude>
    <ClInclude Include="BaseState.h">
      <Filter>헤더 파일\FSM\AbstractFSM</Filter>
    </ClInclude>
    <ClInclude Include="BaseFiniteStateMachine.h">
      <Filter>헤더 파일\FSM\AbstractFSM</Filter>
    </ClInclude>
  </ItemGroup>
</Project>